
Microsoft Visual Studio Solution File, Format Version 12.00
# Visual Studio Version 17
VisualStudioVersion = 17.13.35919.96
MinimumVisualStudioVersion = 10.0.40219.1
Project("{FAE04EC0-301F-11D3-BF4B-00C04F79EFBC}") = "Domain", "Domain\Domain.csproj", "{B8634DCD-9CFB-46DA-B7BD-0CBD6B23E3AB}"
EndProject
Project("{FAE04EC0-301F-11D3-BF4B-00C04F79EFBC}") = "ShedLoadAdapter", "ShedLoadAdapter\ShedLoadAdapter.csproj", "{E9C3D1DC-2B3C-40C9-83F6-D9B4B4CEAFC7}"
EndProject
Project("{FAE04EC0-301F-11D3-BF4B-00C04F79EFBC}") = "Tests", "Tests\Tests.csproj", "{49EEC637-390F-4E2D-B2D9-544D6DDBD350}"
	ProjectSection(ProjectDependencies) = postProject
		{B8634DCD-9CFB-46DA-B7BD-0CBD6B23E3AB} = {B8634DCD-9CFB-46DA-B7BD-0CBD6B23E3AB}
		{E9C3D1DC-2B3C-40C9-83F6-D9B4B4CEAFC7} = {E9C3D1DC-2B3C-40C9-83F6-D9B4B4CEAFC7}
		{F98EC679-CB87-C239-C078-E161C2C5B92A} = {F98EC679-CB87-C239-C078-E161C2C5B92A}
	EndProjectSection
EndProject
Project("{FAE04EC0-301F-11D3-BF4B-00C04F79EFBC}") = "CLI", "CLI\CLI.csproj", "{06A18784-0637-D443-2E01-0885CF7266DF}"
EndProject
Project("{FAE04EC0-301F-11D3-BF4B-00C04F79EFBC}") = "Storage", "Storage\Storage.csproj", "{F98EC679-CB87-C239-C078-E161C2C5B92A}"
EndProject
Project("{FAE04EC0-301F-11D3-BF4B-00C04F79EFBC}") = "TimeMeasures", "TimeMeasures\TimeMeasures.csproj", "{5CB6D3C3-9389-496D-B78A-4A442165520F}"
EndProject
Project("{FAE04EC0-301F-11D3-BF4B-00C04F79EFBC}") = "GUI", "GUI\GUI.csproj", "{DCE3BC69-164B-4EE5-B616-FA6E3EFF9781}"
EndProject
Project("{FAE04EC0-301F-11D3-BF4B-00C04F79EFBC}") = "MessageSenderStorage", "MessageSenderStorage\MessageSenderStorage.csproj", "{F66B8EF2-1E05-4227-B1A6-0EE1D749E721}"
EndProject
Project("{FAE04EC0-301F-11D3-BF4B-00C04F79EFBC}") = "MessageSenderService", "MessageSenderService\MessageSenderService.csproj", "{77B7981F-9865-4356-BA34-8CCF878D187F}"
	ProjectSection(ProjectDependencies) = postProject
		{782DF7E9-0AD2-9B07-CBCE-CDF17B53EBEB} = {782DF7E9-0AD2-9B07-CBCE-CDF17B53EBEB}
	EndProjectSection
EndProject
Project("{FAE04EC0-301F-11D3-BF4B-00C04F79EFBC}") = "MessageSenderDomain", "MessageSenderDomain\MessageSenderDomain.csproj", "{782DF7E9-0AD2-9B07-CBCE-CDF17B53EBEB}"
EndProject
Project("{FAE04EC0-301F-11D3-BF4B-00C04F79EFBC}") = "ApiGateway", "ApiGateway\ApiGateway.csproj", "{34F2F393-0A18-4BD8-9A60-8AA835417A2E}"
EndProject
Project("{FAE04EC0-301F-11D3-BF4B-00C04F79EFBC}") = "MessageSenderTaskTrackerClient", "MessageSenderTaskTrackerClient\MessageSenderTaskTrackerClient.csproj", "{EBCAC2AB-A009-4F95-936E-040CA37DF15C}"
EndProject
Project("{FAE04EC0-301F-11D3-BF4B-00C04F79EFBC}") = "WebAPI", "WebAPI\WebAPI.csproj", "{8D6B33C5-CEE1-20B5-A207-99CBB61F699C}"
EndProject
Project("{FAE04EC0-301F-11D3-BF4B-00C04F79EFBC}") = "TaskTrackerDtoModels", "TaskTrackerDtoModels\TaskTrackerDtoModels.csproj", "{B62067B5-DFE6-4191-9B29-0637621DC254}"
EndProject
Project("{FAE04EC0-301F-11D3-BF4B-00C04F79EFBC}") = "PublicTaskTrackerClient", "PublicTaskTrackerClient\PublicTaskTrackerClient.csproj", "{B56E7EAC-B7FC-E57E-3D68-47424F3610DD}"
EndProject
Project("{FAE04EC0-301F-11D3-BF4B-00C04F79EFBC}") = "ConsoleWebCLI", "ConsoleWebCLI\ConsoleWebCLI.csproj", "{EFA03DB4-76E8-4BFD-8FFB-CAA4145EE7E5}"
EndProject
Global
	GlobalSection(SolutionConfigurationPlatforms) = preSolution
		Debug|Any CPU = Debug|Any CPU
		Release|Any CPU = Release|Any CPU
	EndGlobalSection
	GlobalSection(ProjectConfigurationPlatforms) = postSolution
		{B8634DCD-9CFB-46DA-B7BD-0CBD6B23E3AB}.Debug|Any CPU.ActiveCfg = Debug|Any CPU
		{B8634DCD-9CFB-46DA-B7BD-0CBD6B23E3AB}.Debug|Any CPU.Build.0 = Debug|Any CPU
		{B8634DCD-9CFB-46DA-B7BD-0CBD6B23E3AB}.Release|Any CPU.ActiveCfg = Release|Any CPU
		{B8634DCD-9CFB-46DA-B7BD-0CBD6B23E3AB}.Release|Any CPU.Build.0 = Release|Any CPU
		{E9C3D1DC-2B3C-40C9-83F6-D9B4B4CEAFC7}.Debug|Any CPU.ActiveCfg = Debug|Any CPU
		{E9C3D1DC-2B3C-40C9-83F6-D9B4B4CEAFC7}.Debug|Any CPU.Build.0 = Debug|Any CPU
		{E9C3D1DC-2B3C-40C9-83F6-D9B4B4CEAFC7}.Release|Any CPU.ActiveCfg = Release|Any CPU
		{E9C3D1DC-2B3C-40C9-83F6-D9B4B4CEAFC7}.Release|Any CPU.Build.0 = Release|Any CPU
		{49EEC637-390F-4E2D-B2D9-544D6DDBD350}.Debug|Any CPU.ActiveCfg = Debug|Any CPU
		{49EEC637-390F-4E2D-B2D9-544D6DDBD350}.Debug|Any CPU.Build.0 = Debug|Any CPU
		{49EEC637-390F-4E2D-B2D9-544D6DDBD350}.Release|Any CPU.ActiveCfg = Release|Any CPU
		{49EEC637-390F-4E2D-B2D9-544D6DDBD350}.Release|Any CPU.Build.0 = Release|Any CPU
		{06A18784-0637-D443-2E01-0885CF7266DF}.Debug|Any CPU.ActiveCfg = Debug|Any CPU
		{06A18784-0637-D443-2E01-0885CF7266DF}.Debug|Any CPU.Build.0 = Debug|Any CPU
		{06A18784-0637-D443-2E01-0885CF7266DF}.Release|Any CPU.ActiveCfg = Release|Any CPU
		{06A18784-0637-D443-2E01-0885CF7266DF}.Release|Any CPU.Build.0 = Release|Any CPU
		{F98EC679-CB87-C239-C078-E161C2C5B92A}.Debug|Any CPU.ActiveCfg = Debug|Any CPU
		{F98EC679-CB87-C239-C078-E161C2C5B92A}.Debug|Any CPU.Build.0 = Debug|Any CPU
		{F98EC679-CB87-C239-C078-E161C2C5B92A}.Release|Any CPU.ActiveCfg = Release|Any CPU
		{F98EC679-CB87-C239-C078-E161C2C5B92A}.Release|Any CPU.Build.0 = Release|Any CPU
		{5CB6D3C3-9389-496D-B78A-4A442165520F}.Debug|Any CPU.ActiveCfg = Debug|Any CPU
		{5CB6D3C3-9389-496D-B78A-4A442165520F}.Debug|Any CPU.Build.0 = Debug|Any CPU
		{5CB6D3C3-9389-496D-B78A-4A442165520F}.Release|Any CPU.ActiveCfg = Release|Any CPU
		{5CB6D3C3-9389-496D-B78A-4A442165520F}.Release|Any CPU.Build.0 = Release|Any CPU
		{DCE3BC69-164B-4EE5-B616-FA6E3EFF9781}.Debug|Any CPU.ActiveCfg = Debug|Any CPU
		{DCE3BC69-164B-4EE5-B616-FA6E3EFF9781}.Debug|Any CPU.Build.0 = Debug|Any CPU
		{DCE3BC69-164B-4EE5-B616-FA6E3EFF9781}.Release|Any CPU.ActiveCfg = Release|Any CPU
		{DCE3BC69-164B-4EE5-B616-FA6E3EFF9781}.Release|Any CPU.Build.0 = Release|Any CPU
		{F66B8EF2-1E05-4227-B1A6-0EE1D749E721}.Debug|Any CPU.ActiveCfg = Debug|Any CPU
		{F66B8EF2-1E05-4227-B1A6-0EE1D749E721}.Debug|Any CPU.Build.0 = Debug|Any CPU
		{F66B8EF2-1E05-4227-B1A6-0EE1D749E721}.Release|Any CPU.ActiveCfg = Release|Any CPU
		{F66B8EF2-1E05-4227-B1A6-0EE1D749E721}.Release|Any CPU.Build.0 = Release|Any CPU
		{77B7981F-9865-4356-BA34-8CCF878D187F}.Debug|Any CPU.ActiveCfg = Debug|Any CPU
		{77B7981F-9865-4356-BA34-8CCF878D187F}.Debug|Any CPU.Build.0 = Debug|Any CPU
		{77B7981F-9865-4356-BA34-8CCF878D187F}.Release|Any CPU.ActiveCfg = Release|Any CPU
		{77B7981F-9865-4356-BA34-8CCF878D187F}.Release|Any CPU.Build.0 = Release|Any CPU
		{782DF7E9-0AD2-9B07-CBCE-CDF17B53EBEB}.Debug|Any CPU.ActiveCfg = Debug|Any CPU
		{782DF7E9-0AD2-9B07-CBCE-CDF17B53EBEB}.Debug|Any CPU.Build.0 = Debug|Any CPU
		{782DF7E9-0AD2-9B07-CBCE-CDF17B53EBEB}.Release|Any CPU.ActiveCfg = Release|Any CPU
		{782DF7E9-0AD2-9B07-CBCE-CDF17B53EBEB}.Release|Any CPU.Build.0 = Release|Any CPU
		{34F2F393-0A18-4BD8-9A60-8AA835417A2E}.Debug|Any CPU.ActiveCfg = Debug|Any CPU
		{34F2F393-0A18-4BD8-9A60-8AA835417A2E}.Debug|Any CPU.Build.0 = Debug|Any CPU
		{34F2F393-0A18-4BD8-9A60-8AA835417A2E}.Release|Any CPU.ActiveCfg = Release|Any CPU
		{34F2F393-0A18-4BD8-9A60-8AA835417A2E}.Release|Any CPU.Build.0 = Release|Any CPU
		{EBCAC2AB-A009-4F95-936E-040CA37DF15C}.Debug|Any CPU.ActiveCfg = Debug|Any CPU
		{EBCAC2AB-A009-4F95-936E-040CA37DF15C}.Debug|Any CPU.Build.0 = Debug|Any CPU
		{EBCAC2AB-A009-4F95-936E-040CA37DF15C}.Release|Any CPU.ActiveCfg = Release|Any CPU
		{EBCAC2AB-A009-4F95-936E-040CA37DF15C}.Release|Any CPU.Build.0 = Release|Any CPU
		{8D6B33C5-CEE1-20B5-A207-99CBB61F699C}.Debug|Any CPU.ActiveCfg = Debug|Any CPU
		{8D6B33C5-CEE1-20B5-A207-99CBB61F699C}.Debug|Any CPU.Build.0 = Debug|Any CPU
		{8D6B33C5-CEE1-20B5-A207-99CBB61F699C}.Release|Any CPU.ActiveCfg = Release|Any CPU
		{8D6B33C5-CEE1-20B5-A207-99CBB61F699C}.Release|Any CPU.Build.0 = Release|Any CPU
		{B62067B5-DFE6-4191-9B29-0637621DC254}.Debug|Any CPU.ActiveCfg = Debug|Any CPU
		{B62067B5-DFE6-4191-9B29-0637621DC254}.Debug|Any CPU.Build.0 = Debug|Any CPU
		{B62067B5-DFE6-4191-9B29-0637621DC254}.Release|Any CPU.ActiveCfg = Release|Any CPU
		{B62067B5-DFE6-4191-9B29-0637621DC254}.Release|Any CPU.Build.0 = Release|Any CPU
		{B56E7EAC-B7FC-E57E-3D68-47424F3610DD}.Debug|Any CPU.ActiveCfg = Debug|Any CPU
		{B56E7EAC-B7FC-E57E-3D68-47424F3610DD}.Debug|Any CPU.Build.0 = Debug|Any CPU
		{B56E7EAC-B7FC-E57E-3D68-47424F3610DD}.Release|Any CPU.ActiveCfg = Release|Any CPU
		{B56E7EAC-B7FC-E57E-3D68-47424F3610DD}.Release|Any CPU.Build.0 = Release|Any CPU
		{EFA03DB4-76E8-4BFD-8FFB-CAA4145EE7E5}.Debug|Any CPU.ActiveCfg = Debug|Any CPU
		{EFA03DB4-76E8-4BFD-8FFB-CAA4145EE7E5}.Debug|Any CPU.Build.0 = Debug|Any CPU
		{EFA03DB4-76E8-4BFD-8FFB-CAA4145EE7E5}.Release|Any CPU.ActiveCfg = Release|Any CPU
		{EFA03DB4-76E8-4BFD-8FFB-CAA4145EE7E5}.Release|Any CPU.Build.0 = Release|Any CPU
	EndGlobalSection
	GlobalSection(SolutionProperties) = preSolution
		HideSolutionNode = FALSE
	EndGlobalSection
	GlobalSection(ExtensibilityGlobals) = postSolution
		SolutionGuid = {FB8B3D3F-9B8D-4238-A78B-396D88BC5D61}
	EndGlobalSection
EndGlobal
